// !$*UTF8*$!
{
	archiveVersion = 1;
	classes = {
	};
	objectVersion = 56;
	objects = {

/* Begin PBXBuildFile section */
		180412B12A31D21E002FF8AB /* CertificateManager.swift in Sources */ = {isa = PBXBuildFile; fileRef = 180412B02A31D21E002FF8AB /* CertificateManager.swift */; };
		181B4EFC2A20F95400DB8703 /* LoggerViewController.swift in Sources */ = {isa = PBXBuildFile; fileRef = 181B4EFB2A20F95400DB8703 /* LoggerViewController.swift */; };
		181E7F4E2A1405EE00F23326 /* PickerValues.swift in Sources */ = {isa = PBXBuildFile; fileRef = 181E7F4D2A1405EE00F23326 /* PickerValues.swift */; };
		185083FF2A03D2AB00BE0987 /* AppDelegate.swift in Sources */ = {isa = PBXBuildFile; fileRef = 185083FE2A03D2AB00BE0987 /* AppDelegate.swift */; };
		185084012A03D2AB00BE0987 /* SceneDelegate.swift in Sources */ = {isa = PBXBuildFile; fileRef = 185084002A03D2AB00BE0987 /* SceneDelegate.swift */; };
		185084032A03D2AB00BE0987 /* EnterenceViewController.swift in Sources */ = {isa = PBXBuildFile; fileRef = 185084022A03D2AB00BE0987 /* EnterenceViewController.swift */; };
		185084062A03D2AB00BE0987 /* Main.storyboard in Resources */ = {isa = PBXBuildFile; fileRef = 185084042A03D2AB00BE0987 /* Main.storyboard */; };
		185084092A03D2AB00BE0987 /* FarmerApp.xcdatamodeld in Sources */ = {isa = PBXBuildFile; fileRef = 185084072A03D2AB00BE0987 /* FarmerApp.xcdatamodeld */; };
		1850840B2A03D2AE00BE0987 /* Assets.xcassets in Resources */ = {isa = PBXBuildFile; fileRef = 1850840A2A03D2AE00BE0987 /* Assets.xcassets */; };
		1850840E2A03D2AE00BE0987 /* LaunchScreen.storyboard in Resources */ = {isa = PBXBuildFile; fileRef = 1850840C2A03D2AE00BE0987 /* LaunchScreen.storyboard */; };
		1850841E2A09817E00BE0987 /* Farmer.swift in Sources */ = {isa = PBXBuildFile; fileRef = 1850841D2A09817E00BE0987 /* Farmer.swift */; };
		185084202A09818D00BE0987 /* FRequest.swift in Sources */ = {isa = PBXBuildFile; fileRef = 1850841F2A09818D00BE0987 /* FRequest.swift */; };
		1871B0B72A0BBADD00E6A9D0 /* RegisterViewController.swift in Sources */ = {isa = PBXBuildFile; fileRef = 1871B0B62A0BBADD00E6A9D0 /* RegisterViewController.swift */; };
		1871B0B92A0BDE1F00E6A9D0 /* RequestCreateViewController.swift in Sources */ = {isa = PBXBuildFile; fileRef = 1871B0B82A0BDE1F00E6A9D0 /* RequestCreateViewController.swift */; };
		1886A0922A0AD02500F47FB8 /* MyFarmerDB.sqlite in Resources */ = {isa = PBXBuildFile; fileRef = 1886A0912A0AD02500F47FB8 /* MyFarmerDB.sqlite */; };
		18AED7312A0AE99D0003EB2C /* RequestTableViewCell.swift in Sources */ = {isa = PBXBuildFile; fileRef = 18AED7302A0AE99D0003EB2C /* RequestTableViewCell.swift */; };
		18AED7332A0AEE3B0003EB2C /* MainViewController.swift in Sources */ = {isa = PBXBuildFile; fileRef = 18AED7322A0AEE3B0003EB2C /* MainViewController.swift */; };
		18CA070C2A1555FC00F85628 /* PDFCreator.swift in Sources */ = {isa = PBXBuildFile; fileRef = 18CA070B2A1555FC00F85628 /* PDFCreator.swift */; };
		18CA070E2A15587300F85628 /* PDFViewController.swift in Sources */ = {isa = PBXBuildFile; fileRef = 18CA070D2A15587300F85628 /* PDFViewController.swift */; };
		18CA07122A1AA44A00F85628 /* LogManager.swift in Sources */ = {isa = PBXBuildFile; fileRef = 18CA07112A1AA44A00F85628 /* LogManager.swift */; };
		18E04BBF2A09A5D400571E31 /* Podfile in Resources */ = {isa = PBXBuildFile; fileRef = 18E04BBE2A09A5D400571E31 /* Podfile */; };
		FEC55E1A5B82644E5B6AAF7F /* libPods-FarmerApp.a in Frameworks */ = {isa = PBXBuildFile; fileRef = 786E279A511070DF3045B4C2 /* libPods-FarmerApp.a */; };
/* End PBXBuildFile section */

/* Begin PBXFileReference section */
		180412B02A31D21E002FF8AB /* CertificateManager.swift */ = {isa = PBXFileReference; lastKnownFileType = sourcecode.swift; path = CertificateManager.swift; sourceTree = "<group>"; };
		181B4EFB2A20F95400DB8703 /* LoggerViewController.swift */ = {isa = PBXFileReference; lastKnownFileType = sourcecode.swift; path = LoggerViewController.swift; sourceTree = "<group>"; };
		181E7F4D2A1405EE00F23326 /* PickerValues.swift */ = {isa = PBXFileReference; lastKnownFileType = sourcecode.swift; path = PickerValues.swift; sourceTree = "<group>"; };
		185083FB2A03D2AB00BE0987 /* FarmerApp.app */ = {isa = PBXFileReference; explicitFileType = wrapper.application; includeInIndex = 0; path = FarmerApp.app; sourceTree = BUILT_PRODUCTS_DIR; };
		185083FE2A03D2AB00BE0987 /* AppDelegate.swift */ = {isa = PBXFileReference; lastKnownFileType = sourcecode.swift; path = AppDelegate.swift; sourceTree = "<group>"; };
		185084002A03D2AB00BE0987 /* SceneDelegate.swift */ = {isa = PBXFileReference; lastKnownFileType = sourcecode.swift; path = SceneDelegate.swift; sourceTree = "<group>"; };
		185084022A03D2AB00BE0987 /* EnterenceViewController.swift */ = {isa = PBXFileReference; lastKnownFileType = sourcecode.swift; path = EnterenceViewController.swift; sourceTree = "<group>"; };
		185084052A03D2AB00BE0987 /* Base */ = {isa = PBXFileReference; lastKnownFileType = file.storyboard; name = Base; path = Base.lproj/Main.storyboard; sourceTree = "<group>"; };
		185084082A03D2AB00BE0987 /* FarmerApp.xcdatamodel */ = {isa = PBXFileReference; lastKnownFileType = wrapper.xcdatamodel; path = FarmerApp.xcdatamodel; sourceTree = "<group>"; };
		1850840A2A03D2AE00BE0987 /* Assets.xcassets */ = {isa = PBXFileReference; lastKnownFileType = folder.assetcatalog; path = Assets.xcassets; sourceTree = "<group>"; };
		1850840D2A03D2AE00BE0987 /* Base */ = {isa = PBXFileReference; lastKnownFileType = file.storyboard; name = Base; path = Base.lproj/LaunchScreen.storyboard; sourceTree = "<group>"; };
		1850840F2A03D2AE00BE0987 /* Info.plist */ = {isa = PBXFileReference; lastKnownFileType = text.plist.xml; path = Info.plist; sourceTree = "<group>"; };
		1850841D2A09817E00BE0987 /* Farmer.swift */ = {isa = PBXFileReference; lastKnownFileType = sourcecode.swift; path = Farmer.swift; sourceTree = "<group>"; };
		1850841F2A09818D00BE0987 /* FRequest.swift */ = {isa = PBXFileReference; lastKnownFileType = sourcecode.swift; path = FRequest.swift; sourceTree = "<group>"; };
		1871B0B62A0BBADD00E6A9D0 /* RegisterViewController.swift */ = {isa = PBXFileReference; lastKnownFileType = sourcecode.swift; path = RegisterViewController.swift; sourceTree = "<group>"; };
		1871B0B82A0BDE1F00E6A9D0 /* RequestCreateViewController.swift */ = {isa = PBXFileReference; lastKnownFileType = sourcecode.swift; path = RequestCreateViewController.swift; sourceTree = "<group>"; };
		1886A0912A0AD02500F47FB8 /* MyFarmerDB.sqlite */ = {isa = PBXFileReference; lastKnownFileType = file; path = MyFarmerDB.sqlite; sourceTree = "<group>"; };
		18AED7302A0AE99D0003EB2C /* RequestTableViewCell.swift */ = {isa = PBXFileReference; lastKnownFileType = sourcecode.swift; path = RequestTableViewCell.swift; sourceTree = "<group>"; };
		18AED7322A0AEE3B0003EB2C /* MainViewController.swift */ = {isa = PBXFileReference; lastKnownFileType = sourcecode.swift; path = MainViewController.swift; sourceTree = "<group>"; };
		18CA070B2A1555FC00F85628 /* PDFCreator.swift */ = {isa = PBXFileReference; lastKnownFileType = sourcecode.swift; path = PDFCreator.swift; sourceTree = "<group>"; };
		18CA070D2A15587300F85628 /* PDFViewController.swift */ = {isa = PBXFileReference; lastKnownFileType = sourcecode.swift; path = PDFViewController.swift; sourceTree = "<group>"; };
		18CA07112A1AA44A00F85628 /* LogManager.swift */ = {isa = PBXFileReference; lastKnownFileType = sourcecode.swift; path = LogManager.swift; sourceTree = "<group>"; };
		18E04BBE2A09A5D400571E31 /* Podfile */ = {isa = PBXFileReference; lastKnownFileType = text; path = Podfile; sourceTree = "<group>"; xcLanguageSpecificationIdentifier = xcode.lang.ruby; };
		54E03859D99E1FF3B1B9E427 /* Pods-FarmerApp.debug.xcconfig */ = {isa = PBXFileReference; includeInIndex = 1; lastKnownFileType = text.xcconfig; name = "Pods-FarmerApp.debug.xcconfig"; path = "Target Support Files/Pods-FarmerApp/Pods-FarmerApp.debug.xcconfig"; sourceTree = "<group>"; };
		786E279A511070DF3045B4C2 /* libPods-FarmerApp.a */ = {isa = PBXFileReference; explicitFileType = archive.ar; includeInIndex = 0; path = "libPods-FarmerApp.a"; sourceTree = BUILT_PRODUCTS_DIR; };
		E34DB753102FC7392426A556 /* Pods-FarmerApp.release.xcconfig */ = {isa = PBXFileReference; includeInIndex = 1; lastKnownFileType = text.xcconfig; name = "Pods-FarmerApp.release.xcconfig"; path = "Target Support Files/Pods-FarmerApp/Pods-FarmerApp.release.xcconfig"; sourceTree = "<group>"; };
/* End PBXFileReference section */

/* Begin PBXFrameworksBuildPhase section */
		185083F82A03D2AB00BE0987 /* Frameworks */ = {
			isa = PBXFrameworksBuildPhase;
			buildActionMask = 2147483647;
			files = (
				FEC55E1A5B82644E5B6AAF7F /* libPods-FarmerApp.a in Frameworks */,
			);
			runOnlyForDeploymentPostprocessing = 0;
		};
/* End PBXFrameworksBuildPhase section */

/* Begin PBXGroup section */
		185083F22A03D2AB00BE0987 = {
			isa = PBXGroup;
			children = (
				18AED72F2A0AE96D0003EB2C /* ViewElem */,
				1886A0902A0ACFFC00F47FB8 /* res */,
				18E04BBE2A09A5D400571E31 /* Podfile */,
				185083FD2A03D2AB00BE0987 /* FarmerApp */,
				185083FC2A03D2AB00BE0987 /* Products */,
				4264DD6203B5FCA94E5BD118 /* Pods */,
				5682535CE3271FF61A186462 /* Frameworks */,
			);
			sourceTree = "<group>";
		};
		185083FC2A03D2AB00BE0987 /* Products */ = {
			isa = PBXGroup;
			children = (
				185083FB2A03D2AB00BE0987 /* FarmerApp.app */,
			);
			name = Products;
			sourceTree = "<group>";
		};
		185083FD2A03D2AB00BE0987 /* FarmerApp */ = {
			isa = PBXGroup;
			children = (
				185083FE2A03D2AB00BE0987 /* AppDelegate.swift */,
				185084002A03D2AB00BE0987 /* SceneDelegate.swift */,
				1850841A2A03DCA100BE0987 /* Model */,
				185084192A03DC9200BE0987 /* ViewController */,
				185084182A03DC8200BE0987 /* View */,
				1850840A2A03D2AE00BE0987 /* Assets.xcassets */,
				1850840C2A03D2AE00BE0987 /* LaunchScreen.storyboard */,
				1850840F2A03D2AE00BE0987 /* Info.plist */,
				185084072A03D2AB00BE0987 /* FarmerApp.xcdatamodeld */,
			);
			path = FarmerApp;
			sourceTree = "<group>";
		};
		185084182A03DC8200BE0987 /* View */ = {
			isa = PBXGroup;
			children = (
				185084042A03D2AB00BE0987 /* Main.storyboard */,
			);
			path = View;
			sourceTree = "<group>";
		};
		185084192A03DC9200BE0987 /* ViewController */ = {
			isa = PBXGroup;
			children = (
				185084022A03D2AB00BE0987 /* EnterenceViewController.swift */,
				18AED7322A0AEE3B0003EB2C /* MainViewController.swift */,
				1871B0B62A0BBADD00E6A9D0 /* RegisterViewController.swift */,
				1871B0B82A0BDE1F00E6A9D0 /* RequestCreateViewController.swift */,
				18CA070D2A15587300F85628 /* PDFViewController.swift */,
				181B4EFB2A20F95400DB8703 /* LoggerViewController.swift */,
			);
			path = ViewController;
			sourceTree = "<group>";
		};
		1850841A2A03DCA100BE0987 /* Model */ = {
			isa = PBXGroup;
			children = (
				1850841D2A09817E00BE0987 /* Farmer.swift */,
				1850841F2A09818D00BE0987 /* FRequest.swift */,
				181E7F4D2A1405EE00F23326 /* PickerValues.swift */,
				18CA070B2A1555FC00F85628 /* PDFCreator.swift */,
				18CA07112A1AA44A00F85628 /* LogManager.swift */,
				180412B02A31D21E002FF8AB /* CertificateManager.swift */,
			);
			path = Model;
			sourceTree = "<group>";
		};
		1886A0902A0ACFFC00F47FB8 /* res */ = {
			isa = PBXGroup;
			children = (
				1886A0912A0AD02500F47FB8 /* MyFarmerDB.sqlite */,
			);
			path = res;
			sourceTree = "<group>";
		};
		18AED72F2A0AE96D0003EB2C /* ViewElem */ = {
			isa = PBXGroup;
			children = (
				18AED7302A0AE99D0003EB2C /* RequestTableViewCell.swift */,
			);
			path = ViewElem;
			sourceTree = "<group>";
		};
		4264DD6203B5FCA94E5BD118 /* Pods */ = {
			isa = PBXGroup;
			children = (
				54E03859D99E1FF3B1B9E427 /* Pods-FarmerApp.debug.xcconfig */,
				E34DB753102FC7392426A556 /* Pods-FarmerApp.release.xcconfig */,
			);
			path = Pods;
			sourceTree = "<group>";
		};
		5682535CE3271FF61A186462 /* Frameworks */ = {
			isa = PBXGroup;
			children = (
				786E279A511070DF3045B4C2 /* libPods-FarmerApp.a */,
			);
			name = Frameworks;
			sourceTree = "<group>";
		};
/* End PBXGroup section */

/* Begin PBXNativeTarget section */
		185083FA2A03D2AB00BE0987 /* FarmerApp */ = {
			isa = PBXNativeTarget;
			buildConfigurationList = 185084122A03D2AE00BE0987 /* Build configuration list for PBXNativeTarget "FarmerApp" */;
			buildPhases = (
				19660A741D4A4EDCD2D3F0BE /* [CP] Check Pods Manifest.lock */,
				185083F72A03D2AB00BE0987 /* Sources */,
				185083F82A03D2AB00BE0987 /* Frameworks */,
				185083F92A03D2AB00BE0987 /* Resources */,
			);
			buildRules = (
			);
			dependencies = (
			);
			name = FarmerApp;
			productName = FarmerApp;
			productReference = 185083FB2A03D2AB00BE0987 /* FarmerApp.app */;
			productType = "com.apple.product-type.application";
		};
/* End PBXNativeTarget section */

/* Begin PBXProject section */
		185083F32A03D2AB00BE0987 /* Project object */ = {
			isa = PBXProject;
			attributes = {
				BuildIndependentTargetsInParallel = 1;
				LastSwiftUpdateCheck = 1430;
				LastUpgradeCheck = 1430;
				TargetAttributes = {
					185083FA2A03D2AB00BE0987 = {
						CreatedOnToolsVersion = 14.3;
					};
				};
			};
			buildConfigurationList = 185083F62A03D2AB00BE0987 /* Build configuration list for PBXProject "FarmerApp" */;
			compatibilityVersion = "Xcode 14.0";
			developmentRegion = en;
			hasScannedForEncodings = 0;
			knownRegions = (
				en,
				Base,
			);
			mainGroup = 185083F22A03D2AB00BE0987;
			productRefGroup = 185083FC2A03D2AB00BE0987 /* Products */;
			projectDirPath = "";
			projectRoot = "";
			targets = (
				185083FA2A03D2AB00BE0987 /* FarmerApp */,
			);
		};
/* End PBXProject section */

/* Begin PBXResourcesBuildPhase section */
		185083F92A03D2AB00BE0987 /* Resources */ = {
			isa = PBXResourcesBuildPhase;
			buildActionMask = 2147483647;
			files = (
				18E04BBF2A09A5D400571E31 /* Podfile in Resources */,
				1886A0922A0AD02500F47FB8 /* MyFarmerDB.sqlite in Resources */,
				1850840E2A03D2AE00BE0987 /* LaunchScreen.storyboard in Resources */,
				1850840B2A03D2AE00BE0987 /* Assets.xcassets in Resources */,
				185084062A03D2AB00BE0987 /* Main.storyboard in Resources */,
			);
			runOnlyForDeploymentPostprocessing = 0;
		};
/* End PBXResourcesBuildPhase section */

/* Begin PBXShellScriptBuildPhase section */
		19660A741D4A4EDCD2D3F0BE /* [CP] Check Pods Manifest.lock */ = {
			isa = PBXShellScriptBuildPhase;
			buildActionMask = 2147483647;
			files = (
			);
			inputFileListPaths = (
			);
			inputPaths = (
				"${PODS_PODFILE_DIR_PATH}/Podfile.lock",
				"${PODS_ROOT}/Manifest.lock",
			);
			name = "[CP] Check Pods Manifest.lock";
			outputFileListPaths = (
			);
			outputPaths = (
				"$(DERIVED_FILE_DIR)/Pods-FarmerApp-checkManifestLockResult.txt",
			);
			runOnlyForDeploymentPostprocessing = 0;
			shellPath = /bin/sh;
			shellScript = "diff \"${PODS_PODFILE_DIR_PATH}/Podfile.lock\" \"${PODS_ROOT}/Manifest.lock\" > /dev/null\nif [ $? != 0 ] ; then\n    # print error to STDERR\n    echo \"error: The sandbox is not in sync with the Podfile.lock. Run 'pod install' or update your CocoaPods installation.\" >&2\n    exit 1\nfi\n# This output is used by Xcode 'outputs' to avoid re-running this script phase.\necho \"SUCCESS\" > \"${SCRIPT_OUTPUT_FILE_0}\"\n";
			showEnvVarsInLog = 0;
		};
/* End PBXShellScriptBuildPhase section */

/* Begin PBXSourcesBuildPhase section */
		185083F72A03D2AB00BE0987 /* Sources */ = {
			isa = PBXSourcesBuildPhase;
			buildActionMask = 2147483647;
			files = (
				1871B0B92A0BDE1F00E6A9D0 /* RequestCreateViewController.swift in Sources */,
				180412B12A31D21E002FF8AB /* CertificateManager.swift in Sources */,
				1871B0B72A0BBADD00E6A9D0 /* RegisterViewController.swift in Sources */,
				185084092A03D2AB00BE0987 /* FarmerApp.xcdatamodeld in Sources */,
				18CA070E2A15587300F85628 /* PDFViewController.swift in Sources */,
				18AED7312A0AE99D0003EB2C /* RequestTableViewCell.swift in Sources */,
				185084032A03D2AB00BE0987 /* EnterenceViewController.swift in Sources */,
				18CA07122A1AA44A00F85628 /* LogManager.swift in Sources */,
				18CA070C2A1555FC00F85628 /* PDFCreator.swift in Sources */,
				1850841E2A09817E00BE0987 /* Farmer.swift in Sources */,
				185083FF2A03D2AB00BE0987 /* AppDelegate.swift in Sources */,
				181E7F4E2A1405EE00F23326 /* PickerValues.swift in Sources */,
				185084202A09818D00BE0987 /* FRequest.swift in Sources */,
				185084012A03D2AB00BE0987 /* SceneDelegate.swift in Sources */,
				181B4EFC2A20F95400DB8703 /* LoggerViewController.swift in Sources */,
				18AED7332A0AEE3B0003EB2C /* MainViewController.swift in Sources */,
			);
			runOnlyForDeploymentPostprocessing = 0;
		};
/* End PBXSourcesBuildPhase section */

/* Begin PBXVariantGroup section */
		185084042A03D2AB00BE0987 /* Main.storyboard */ = {
			isa = PBXVariantGroup;
			children = (
				185084052A03D2AB00BE0987 /* Base */,
			);
			name = Main.storyboard;
			sourceTree = "<group>";
		};
		1850840C2A03D2AE00BE0987 /* LaunchScreen.storyboard */ = {
			isa = PBXVariantGroup;
			children = (
				1850840D2A03D2AE00BE0987 /* Base */,
			);
			name = LaunchScreen.storyboard;
			sourceTree = "<group>";
		};
/* End PBXVariantGroup section */

/* Begin XCBuildConfiguration section */
		185084102A03D2AE00BE0987 /* Debug */ = {
			isa = XCBuildConfiguration;
			buildSettings = {
				ALWAYS_SEARCH_USER_PATHS = NO;
				CLANG_ANALYZER_NONNULL = YES;
				CLANG_ANALYZER_NUMBER_OBJECT_CONVERSION = YES_AGGRESSIVE;
				CLANG_CXX_LANGUAGE_STANDARD = "gnu++20";
				CLANG_ENABLE_MODULES = YES;
				CLANG_ENABLE_OBJC_ARC = YES;
				CLANG_ENABLE_OBJC_WEAK = YES;
				CLANG_WARN_BLOCK_CAPTURE_AUTORELEASING = YES;
				CLANG_WARN_BOOL_CONVERSION = YES;
				CLANG_WARN_COMMA = YES;
				CLANG_WARN_CONSTANT_CONVERSION = YES;
				CLANG_WARN_DEPRECATED_OBJC_IMPLEMENTATIONS = YES;
				CLANG_WARN_DIRECT_OBJC_ISA_USAGE = YES_ERROR;
				CLANG_WARN_DOCUMENTATION_COMMENTS = YES;
				CLANG_WARN_EMPTY_BODY = YES;
				CLANG_WARN_ENUM_CONVERSION = YES;
				CLANG_WARN_INFINITE_RECURSION = YES;
				CLANG_WARN_INT_CONVERSION = YES;
				CLANG_WARN_NON_LITERAL_NULL_CONVERSION = YES;
				CLANG_WARN_OBJC_IMPLICIT_RETAIN_SELF = YES;
				CLANG_WARN_OBJC_LITERAL_CONVERSION = YES;
				CLANG_WARN_OBJC_ROOT_CLASS = YES_ERROR;
				CLANG_WARN_QUOTED_INCLUDE_IN_FRAMEWORK_HEADER = YES;
				CLANG_WARN_RANGE_LOOP_ANALYSIS = YES;
				CLANG_WARN_STRICT_PROTOTYPES = YES;
				CLANG_WARN_SUSPICIOUS_MOVE = YES;
				CLANG_WARN_UNGUARDED_AVAILABILITY = YES_AGGRESSIVE;
				CLANG_WARN_UNREACHABLE_CODE = YES;
				CLANG_WARN__DUPLICATE_METHOD_MATCH = YES;
				COPY_PHASE_STRIP = NO;
				DEBUG_INFORMATION_FORMAT = dwarf;
				ENABLE_STRICT_OBJC_MSGSEND = YES;
				ENABLE_TESTABILITY = YES;
				GCC_C_LANGUAGE_STANDARD = gnu11;
				GCC_DYNAMIC_NO_PIC = NO;
				GCC_NO_COMMON_BLOCKS = YES;
				GCC_OPTIMIZATION_LEVEL = 0;
				GCC_PREPROCESSOR_DEFINITIONS = (
					"DEBUG=1",
					"$(inherited)",
				);
				GCC_WARN_64_TO_32_BIT_CONVERSION = YES;
				GCC_WARN_ABOUT_RETURN_TYPE = YES_ERROR;
				GCC_WARN_UNDECLARED_SELECTOR = YES;
				GCC_WARN_UNINITIALIZED_AUTOS = YES_AGGRESSIVE;
				GCC_WARN_UNUSED_FUNCTION = YES;
				GCC_WARN_UNUSED_VARIABLE = YES;
				IPHONEOS_DEPLOYMENT_TARGET = 16.4;
				MTL_ENABLE_DEBUG_INFO = INCLUDE_SOURCE;
				MTL_FAST_MATH = YES;
				ONLY_ACTIVE_ARCH = YES;
				SDKROOT = iphoneos;
				SWIFT_ACTIVE_COMPILATION_CONDITIONS = DEBUG;
				SWIFT_OPTIMIZATION_LEVEL = "-Onone";
			};
			name = Debug;
		};
		185084112A03D2AE00BE0987 /* Release */ = {
			isa = XCBuildConfiguration;
			buildSettings = {
				ALWAYS_SEARCH_USER_PATHS = NO;
				CLANG_ANALYZER_NONNULL = YES;
				CLANG_ANALYZER_NUMBER_OBJECT_CONVERSION = YES_AGGRESSIVE;
				CLANG_CXX_LANGUAGE_STANDARD = "gnu++20";
				CLANG_ENABLE_MODULES = YES;
				CLANG_ENABLE_OBJC_ARC = YES;
				CLANG_ENABLE_OBJC_WEAK = YES;
				CLANG_WARN_BLOCK_CAPTURE_AUTORELEASING = YES;
				CLANG_WARN_BOOL_CONVERSION = YES;
				CLANG_WARN_COMMA = YES;
				CLANG_WARN_CONSTANT_CONVERSION = YES;
				CLANG_WARN_DEPRECATED_OBJC_IMPLEMENTATIONS = YES;
				CLANG_WARN_DIRECT_OBJC_ISA_USAGE = YES_ERROR;
				CLANG_WARN_DOCUMENTATION_COMMENTS = YES;
				CLANG_WARN_EMPTY_BODY = YES;
				CLANG_WARN_ENUM_CONVERSION = YES;
				CLANG_WARN_INFINITE_RECURSION = YES;
				CLANG_WARN_INT_CONVERSION = YES;
				CLANG_WARN_NON_LITERAL_NULL_CONVERSION = YES;
				CLANG_WARN_OBJC_IMPLICIT_RETAIN_SELF = YES;
				CLANG_WARN_OBJC_LITERAL_CONVERSION = YES;
				CLANG_WARN_OBJC_ROOT_CLASS = YES_ERROR;
				CLANG_WARN_QUOTED_INCLUDE_IN_FRAMEWORK_HEADER = YES;
				CLANG_WARN_RANGE_LOOP_ANALYSIS = YES;
				CLANG_WARN_STRICT_PROTOTYPES = YES;
				CLANG_WARN_SUSPICIOUS_MOVE = YES;
				CLANG_WARN_UNGUARDED_AVAILABILITY = YES_AGGRESSIVE;
				CLANG_WARN_UNREACHABLE_CODE = YES;
				CLANG_WARN__DUPLICATE_METHOD_MATCH = YES;
				COPY_PHASE_STRIP = NO;
				DEBUG_INFORMATION_FORMAT = "dwarf-with-dsym";
				ENABLE_NS_ASSERTIONS = NO;
				ENABLE_STRICT_OBJC_MSGSEND = YES;
				GCC_C_LANGUAGE_STANDARD = gnu11;
				GCC_NO_COMMON_BLOCKS = YES;
				GCC_WARN_64_TO_32_BIT_CONVERSION = YES;
				GCC_WARN_ABOUT_RETURN_TYPE = YES_ERROR;
				GCC_WARN_UNDECLARED_SELECTOR = YES;
				GCC_WARN_UNINITIALIZED_AUTOS = YES_AGGRESSIVE;
				GCC_WARN_UNUSED_FUNCTION = YES;
				GCC_WARN_UNUSED_VARIABLE = YES;
				IPHONEOS_DEPLOYMENT_TARGET = 16.4;
				MTL_ENABLE_DEBUG_INFO = NO;
				MTL_FAST_MATH = YES;
				SDKROOT = iphoneos;
				SWIFT_COMPILATION_MODE = wholemodule;
				SWIFT_OPTIMIZATION_LEVEL = "-O";
				VALIDATE_PRODUCT = YES;
			};
			name = Release;
		};
		185084132A03D2AE00BE0987 /* Debug */ = {
			isa = XCBuildConfiguration;
			baseConfigurationReference = 54E03859D99E1FF3B1B9E427 /* Pods-FarmerApp.debug.xcconfig */;
			buildSettings = {
				ASSETCATALOG_COMPILER_APPICON_NAME = AppIcon;
				ASSETCATALOG_COMPILER_GLOBAL_ACCENT_COLOR_NAME = AccentColor;
				CODE_SIGN_STYLE = Automatic;
				CURRENT_PROJECT_VERSION = 1;
				GENERATE_INFOPLIST_FILE = YES;
				INFOPLIST_FILE = FarmerApp/Info.plist;
				INFOPLIST_KEY_UIApplicationSupportsIndirectInputEvents = YES;
				INFOPLIST_KEY_UILaunchStoryboardName = LaunchScreen;
				INFOPLIST_KEY_UIMainStoryboardFile = Main;
				INFOPLIST_KEY_UISupportedInterfaceOrientations_iPad = "UIInterfaceOrientationPortrait UIInterfaceOrientationPortraitUpsideDown UIInterfaceOrientationLandscapeLeft UIInterfaceOrientationLandscapeRight";
				INFOPLIST_KEY_UISupportedInterfaceOrientations_iPhone = "UIInterfaceOrientationPortrait UIInterfaceOrientationLandscapeLeft UIInterfaceOrientationLandscapeRight";
				LD_RUNPATH_SEARCH_PATHS = (
					"$(inherited)",
					"@executable_path/Frameworks",
				);
				MARKETING_VERSION = 1.0;
				PRODUCT_BUNDLE_IDENTIFIER = com.Serhatyi.FarmerApp;
				PRODUCT_NAME = "$(TARGET_NAME)";
				SWIFT_EMIT_LOC_STRINGS = YES;
				SWIFT_VERSION = 5.0;
				TARGETED_DEVICE_FAMILY = "1,2";
			};
			name = Debug;
		};
		185084142A03D2AE00BE0987 /* Release */ = {
			isa = XCBuildConfiguration;
			baseConfigurationReference = E34DB753102FC7392426A556 /* Pods-FarmerApp.release.xcconfig */;
			buildSettings = {
				ASSETCATALOG_COMPILER_APPICON_NAME = AppIcon;
				ASSETCATALOG_COMPILER_GLOBAL_ACCENT_COLOR_NAME = AccentColor;
				CODE_SIGN_STYLE = Automatic;
				CURRENT_PROJECT_VERSION = 1;
				GENERATE_INFOPLIST_FILE = YES;
				INFOPLIST_FILE = FarmerApp/Info.plist;
				INFOPLIST_KEY_UIApplicationSupportsIndirectInputEvents = YES;
				INFOPLIST_KEY_UILaunchStoryboardName = LaunchScreen;
				INFOPLIST_KEY_UIMainStoryboardFile = Main;
				INFOPLIST_KEY_UISupportedInterfaceOrientations_iPad = "UIInterfaceOrientationPortrait UIInterfaceOrientationPortraitUpsideDown UIInterfaceOrientationLandscapeLeft UIInterfaceOrientationLandscapeRight";
				INFOPLIST_KEY_UISupportedInterfaceOrientations_iPhone = "UIInterfaceOrientationPortrait UIInterfaceOrientationLandscapeLeft UIInterfaceOrientationLandscapeRight";
				LD_RUNPATH_SEARCH_PATHS = (
					"$(inherited)",
					"@executable_path/Frameworks",
				);
				MARKETING_VERSION = 1.0;
				PRODUCT_BUNDLE_IDENTIFIER = com.Serhatyi.FarmerApp;
				PRODUCT_NAME = "$(TARGET_NAME)";
				SWIFT_EMIT_LOC_STRINGS = YES;
				SWIFT_VERSION = 5.0;
				TARGETED_DEVICE_FAMILY = "1,2";
			};
			name = Release;
		};
/* End XCBuildConfiguration section */

/* Begin XCConfigurationList section */
		185083F62A03D2AB00BE0987 /* Build configuration list for PBXProject "FarmerApp" */ = {
			isa = XCConfigurationList;
			buildConfigurations = (
				185084102A03D2AE00BE0987 /* Debug */,
				185084112A03D2AE00BE0987 /* Release */,
			);
			defaultConfigurationIsVisible = 0;
			defaultConfigurationName = Release;
		};
		185084122A03D2AE00BE0987 /* Build configuration list for PBXNativeTarget "FarmerApp" */ = {
			isa = XCConfigurationList;
			buildConfigurations = (
				185084132A03D2AE00BE0987 /* Debug */,
				185084142A03D2AE00BE0987 /* Release */,
			);
			defaultConfigurationIsVisible = 0;
			defaultConfigurationName = Release;
		};
/* End XCConfigurationList section */

/* Begin XCVersionGroup section */
		185084072A03D2AB00BE0987 /* FarmerApp.xcdatamodeld */ = {
			isa = XCVersionGroup;
			children = (
				185084082A03D2AB00BE0987 /* FarmerApp.xcdatamodel */,
			);
			currentVersion = 185084082A03D2AB00BE0987 /* FarmerApp.xcdatamodel */;
			path = FarmerApp.xcdatamodeld;
			sourceTree = "<group>";
			versionGroupType = wrapper.xcdatamodel;
		};
/* End XCVersionGroup section */
	};
	rootObject = 185083F32A03D2AB00BE0987 /* Project object */;
}
